
Microsoft Visual Studio Solution File, Format Version 12.00
# Visual Studio Version 16
VisualStudioVersion = 16.0.30717.126
MinimumVisualStudioVersion = 10.0.40219.1
Project("{9A19103F-16F7-4668-BE54-9A1E7A4F7556}") = "Platformus.Core", "src\Platformus.Core\Platformus.Core.csproj", "{2E4FC621-B25A-4BFC-9C44-2F91033EE0B5}"
EndProject
Project("{9A19103F-16F7-4668-BE54-9A1E7A4F7556}") = "Platformus.Core.Backend", "src\Platformus.Core.Backend\Platformus.Core.Backend.csproj", "{88F49A6C-967C-41D3-9F28-13369F912E9D}"
EndProject
Project("{9A19103F-16F7-4668-BE54-9A1E7A4F7556}") = "Platformus.Core.Data.Abstractions", "src\Platformus.Core.Data.Abstractions\Platformus.Core.Data.Abstractions.csproj", "{F501ABDE-605A-453B-9B75-249A4F14D18D}"
EndProject
Project("{9A19103F-16F7-4668-BE54-9A1E7A4F7556}") = "Platformus.Core.Data.Entities", "src\Platformus.Core.Data.Entities\Platformus.Core.Data.Entities.csproj", "{F6D66082-03A5-468A-8BBB-38FDA2E0E65E}"
EndProject
Project("{9A19103F-16F7-4668-BE54-9A1E7A4F7556}") = "Platformus.Core.Data.EntityFramework.PostgreSql", "src\Platformus.Core.Data.EntityFramework.PostgreSql\Platformus.Core.Data.EntityFramework.PostgreSql.csproj", "{A2E41701-912B-4BD7-87FA-FB9257949E13}"
EndProject
Project("{9A19103F-16F7-4668-BE54-9A1E7A4F7556}") = "Platformus.Core.Data.EntityFramework.Sqlite", "src\Platformus.Core.Data.EntityFramework.Sqlite\Platformus.Core.Data.EntityFramework.Sqlite.csproj", "{49FB3066-137E-447D-B7F0-AFFB60057254}"
EndProject
Project("{9A19103F-16F7-4668-BE54-9A1E7A4F7556}") = "Platformus.Core.Data.EntityFramework.SqlServer", "src\Platformus.Core.Data.EntityFramework.SqlServer\Platformus.Core.Data.EntityFramework.SqlServer.csproj", "{3E532FDB-94BD-42DD-AE10-68783770F394}"
EndProject
Project("{9A19103F-16F7-4668-BE54-9A1E7A4F7556}") = "Platformus.Core.Frontend", "src\Platformus.Core.Frontend\Platformus.Core.Frontend.csproj", "{C04BBDF4-98CC-4B66-A1F7-054886B2EA7C}"
EndProject
Project("{9A19103F-16F7-4668-BE54-9A1E7A4F7556}") = "Platformus.Images", "src\Platformus.Images\Platformus.Images.csproj", "{CA788DDF-C488-4267-86DA-AB1AFE98E74E}"
EndProject
Project("{9A19103F-16F7-4668-BE54-9A1E7A4F7556}") = "Platformus.WebApplication", "src\Platformus.WebApplication\Platformus.WebApplication.csproj", "{450AF215-08B1-4E42-97EC-E50979943FB7}"
EndProject
Project("{9A19103F-16F7-4668-BE54-9A1E7A4F7556}") = "Platformus.Website", "src\Platformus.Website\Platformus.Website.csproj", "{F66AEBC0-F9CE-43F9-9429-E46EE88FEBF9}"
EndProject
Project("{9A19103F-16F7-4668-BE54-9A1E7A4F7556}") = "Platformus.Website.Backend", "src\Platformus.Website.Backend\Platformus.Website.Backend.csproj", "{FC7DA1AA-D81B-42D5-AD4C-3F8B7D586EC3}"
EndProject
Project("{9A19103F-16F7-4668-BE54-9A1E7A4F7556}") = "Platformus.Website.Data.Abstractions", "src\Platformus.Website.Data.Abstractions\Platformus.Website.Data.Abstractions.csproj", "{380D5DC2-2C3E-41F7-B3B9-2A0E1612BB69}"
EndProject
Project("{9A19103F-16F7-4668-BE54-9A1E7A4F7556}") = "Platformus.Website.Data.Entities", "src\Platformus.Website.Data.Entities\Platformus.Website.Data.Entities.csproj", "{46AFC340-5639-4D73-A4C2-52B37F601113}"
EndProject
Project("{9A19103F-16F7-4668-BE54-9A1E7A4F7556}") = "Platformus.Website.Data.EntityFramework.PostgreSql", "src\Platformus.Website.Data.EntityFramework.PostgreSql\Platformus.Website.Data.EntityFramework.PostgreSql.csproj", "{181D539C-E8DD-47FD-B339-89B83D4A9264}"
EndProject
Project("{9A19103F-16F7-4668-BE54-9A1E7A4F7556}") = "Platformus.Website.Data.EntityFramework.Sqlite", "src\Platformus.Website.Data.EntityFramework.Sqlite\Platformus.Website.Data.EntityFramework.Sqlite.csproj", "{11D063E3-2D7E-4688-8A14-6FCB8C16B7B3}"
EndProject
Project("{9A19103F-16F7-4668-BE54-9A1E7A4F7556}") = "Platformus.Website.Data.EntityFramework.SqlServer", "src\Platformus.Website.Data.EntityFramework.SqlServer\Platformus.Website.Data.EntityFramework.SqlServer.csproj", "{49F702CF-0F94-4593-B788-057F4EC2795B}"
EndProject
Project("{9A19103F-16F7-4668-BE54-9A1E7A4F7556}") = "Platformus.Website.Frontend", "src\Platformus.Website.Frontend\Platformus.Website.Frontend.csproj", "{9671303E-1660-4800-A1C9-81CD04619087}"
EndProject
Project("{2150E333-8FDC-42A3-9474-1A3956D46DE8}") = "Core", "Core", "{DC9E75E3-B605-4527-91C7-ACB55F420312}"
EndProject
Project("{2150E333-8FDC-42A3-9474-1A3956D46DE8}") = "Images", "Images", "{F618EC46-BB57-4756-9D1F-22453297F80F}"
EndProject
Project("{2150E333-8FDC-42A3-9474-1A3956D46DE8}") = "Website", "Website", "{4F7AC65E-F9B7-4B4F-B092-64F35A6CD8AF}"
EndProject
Global
	GlobalSection(SolutionConfigurationPlatforms) = preSolution
		Debug|Any CPU = Debug|Any CPU
		Release|Any CPU = Release|Any CPU
	EndGlobalSection
	GlobalSection(ProjectConfigurationPlatforms) = postSolution
		{2E4FC621-B25A-4BFC-9C44-2F91033EE0B5}.Debug|Any CPU.ActiveCfg = Debug|Any CPU
		{2E4FC621-B25A-4BFC-9C44-2F91033EE0B5}.Debug|Any CPU.Build.0 = Debug|Any CPU
		{2E4FC621-B25A-4BFC-9C44-2F91033EE0B5}.Release|Any CPU.ActiveCfg = Release|Any CPU
		{2E4FC621-B25A-4BFC-9C44-2F91033EE0B5}.Release|Any CPU.Build.0 = Release|Any CPU
		{88F49A6C-967C-41D3-9F28-13369F912E9D}.Debug|Any CPU.ActiveCfg = Debug|Any CPU
		{88F49A6C-967C-41D3-9F28-13369F912E9D}.Debug|Any CPU.Build.0 = Debug|Any CPU
		{88F49A6C-967C-41D3-9F28-13369F912E9D}.Release|Any CPU.ActiveCfg = Release|Any CPU
		{88F49A6C-967C-41D3-9F28-13369F912E9D}.Release|Any CPU.Build.0 = Release|Any CPU
		{F501ABDE-605A-453B-9B75-249A4F14D18D}.Debug|Any CPU.ActiveCfg = Debug|Any CPU
		{F501ABDE-605A-453B-9B75-249A4F14D18D}.Debug|Any CPU.Build.0 = Debug|Any CPU
		{F501ABDE-605A-453B-9B75-249A4F14D18D}.Release|Any CPU.ActiveCfg = Release|Any CPU
		{F501ABDE-605A-453B-9B75-249A4F14D18D}.Release|Any CPU.Build.0 = Release|Any CPU
		{F6D66082-03A5-468A-8BBB-38FDA2E0E65E}.Debug|Any CPU.ActiveCfg = Debug|Any CPU
		{F6D66082-03A5-468A-8BBB-38FDA2E0E65E}.Debug|Any CPU.Build.0 = Debug|Any CPU
		{F6D66082-03A5-468A-8BBB-38FDA2E0E65E}.Release|Any CPU.ActiveCfg = Release|Any CPU
		{F6D66082-03A5-468A-8BBB-38FDA2E0E65E}.Release|Any CPU.Build.0 = Release|Any CPU
		{A2E41701-912B-4BD7-87FA-FB9257949E13}.Debug|Any CPU.ActiveCfg = Debug|Any CPU
		{A2E41701-912B-4BD7-87FA-FB9257949E13}.Debug|Any CPU.Build.0 = Debug|Any CPU
		{A2E41701-912B-4BD7-87FA-FB9257949E13}.Release|Any CPU.ActiveCfg = Release|Any CPU
		{A2E41701-912B-4BD7-87FA-FB9257949E13}.Release|Any CPU.Build.0 = Release|Any CPU
		{49FB3066-137E-447D-B7F0-AFFB60057254}.Debug|Any CPU.ActiveCfg = Debug|Any CPU
		{49FB3066-137E-447D-B7F0-AFFB60057254}.Debug|Any CPU.Build.0 = Debug|Any CPU
		{49FB3066-137E-447D-B7F0-AFFB60057254}.Release|Any CPU.ActiveCfg = Release|Any CPU
		{49FB3066-137E-447D-B7F0-AFFB60057254}.Release|Any CPU.Build.0 = Release|Any CPU
		{3E532FDB-94BD-42DD-AE10-68783770F394}.Debug|Any CPU.ActiveCfg = Debug|Any CPU
		{3E532FDB-94BD-42DD-AE10-68783770F394}.Debug|Any CPU.Build.0 = Debug|Any CPU
		{3E532FDB-94BD-42DD-AE10-68783770F394}.Release|Any CPU.ActiveCfg = Release|Any CPU
		{3E532FDB-94BD-42DD-AE10-68783770F394}.Release|Any CPU.Build.0 = Release|Any CPU
		{C04BBDF4-98CC-4B66-A1F7-054886B2EA7C}.Debug|Any CPU.ActiveCfg = Debug|Any CPU
		{C04BBDF4-98CC-4B66-A1F7-054886B2EA7C}.Debug|Any CPU.Build.0 = Debug|Any CPU
		{C04BBDF4-98CC-4B66-A1F7-054886B2EA7C}.Release|Any CPU.ActiveCfg = Release|Any CPU
		{C04BBDF4-98CC-4B66-A1F7-054886B2EA7C}.Release|Any CPU.Build.0 = Release|Any CPU
		{CA788DDF-C488-4267-86DA-AB1AFE98E74E}.Debug|Any CPU.ActiveCfg = Debug|Any CPU
		{CA788DDF-C488-4267-86DA-AB1AFE98E74E}.Debug|Any CPU.Build.0 = Debug|Any CPU
		{CA788DDF-C488-4267-86DA-AB1AFE98E74E}.Release|Any CPU.ActiveCfg = Release|Any CPU
		{CA788DDF-C488-4267-86DA-AB1AFE98E74E}.Release|Any CPU.Build.0 = Release|Any CPU
		{450AF215-08B1-4E42-97EC-E50979943FB7}.Debug|Any CPU.ActiveCfg = Debug|Any CPU
		{450AF215-08B1-4E42-97EC-E50979943FB7}.Debug|Any CPU.Build.0 = Debug|Any CPU
		{450AF215-08B1-4E42-97EC-E50979943FB7}.Release|Any CPU.ActiveCfg = Release|Any CPU
		{450AF215-08B1-4E42-97EC-E50979943FB7}.Release|Any CPU.Build.0 = Release|Any CPU
		{F66AEBC0-F9CE-43F9-9429-E46EE88FEBF9}.Debug|Any CPU.ActiveCfg = Debug|Any CPU
		{F66AEBC0-F9CE-43F9-9429-E46EE88FEBF9}.Debug|Any CPU.Build.0 = Debug|Any CPU
		{F66AEBC0-F9CE-43F9-9429-E46EE88FEBF9}.Release|Any CPU.ActiveCfg = Release|Any CPU
		{F66AEBC0-F9CE-43F9-9429-E46EE88FEBF9}.Release|Any CPU.Build.0 = Release|Any CPU
		{FC7DA1AA-D81B-42D5-AD4C-3F8B7D586EC3}.Debug|Any CPU.ActiveCfg = Debug|Any CPU
		{FC7DA1AA-D81B-42D5-AD4C-3F8B7D586EC3}.Debug|Any CPU.Build.0 = Debug|Any CPU
		{FC7DA1AA-D81B-42D5-AD4C-3F8B7D586EC3}.Release|Any CPU.ActiveCfg = Release|Any CPU
		{FC7DA1AA-D81B-42D5-AD4C-3F8B7D586EC3}.Release|Any CPU.Build.0 = Release|Any CPU
		{380D5DC2-2C3E-41F7-B3B9-2A0E1612BB69}.Debug|Any CPU.ActiveCfg = Debug|Any CPU
		{380D5DC2-2C3E-41F7-B3B9-2A0E1612BB69}.Debug|Any CPU.Build.0 = Debug|Any CPU
		{380D5DC2-2C3E-41F7-B3B9-2A0E1612BB69}.Release|Any CPU.ActiveCfg = Release|Any CPU
		{380D5DC2-2C3E-41F7-B3B9-2A0E1612BB69}.Release|Any CPU.Build.0 = Release|Any CPU
		{46AFC340-5639-4D73-A4C2-52B37F601113}.Debug|Any CPU.ActiveCfg = Debug|Any CPU
		{46AFC340-5639-4D73-A4C2-52B37F601113}.Debug|Any CPU.Build.0 = Debug|Any CPU
		{46AFC340-5639-4D73-A4C2-52B37F601113}.Release|Any CPU.ActiveCfg = Release|Any CPU
		{46AFC340-5639-4D73-A4C2-52B37F601113}.Release|Any CPU.Build.0 = Release|Any CPU
		{181D539C-E8DD-47FD-B339-89B83D4A9264}.Debug|Any CPU.ActiveCfg = Debug|Any CPU
		{181D539C-E8DD-47FD-B339-89B83D4A9264}.Debug|Any CPU.Build.0 = Debug|Any CPU
		{181D539C-E8DD-47FD-B339-89B83D4A9264}.Release|Any CPU.ActiveCfg = Release|Any CPU
		{181D539C-E8DD-47FD-B339-89B83D4A9264}.Release|Any CPU.Build.0 = Release|Any CPU
		{11D063E3-2D7E-4688-8A14-6FCB8C16B7B3}.Debug|Any CPU.ActiveCfg = Debug|Any CPU
		{11D063E3-2D7E-4688-8A14-6FCB8C16B7B3}.Debug|Any CPU.Build.0 = Debug|Any CPU
		{11D063E3-2D7E-4688-8A14-6FCB8C16B7B3}.Release|Any CPU.ActiveCfg = Release|Any CPU
		{11D063E3-2D7E-4688-8A14-6FCB8C16B7B3}.Release|Any CPU.Build.0 = Release|Any CPU
		{49F702CF-0F94-4593-B788-057F4EC2795B}.Debug|Any CPU.ActiveCfg = Debug|Any CPU
		{49F702CF-0F94-4593-B788-057F4EC2795B}.Debug|Any CPU.Build.0 = Debug|Any CPU
		{49F702CF-0F94-4593-B788-057F4EC2795B}.Release|Any CPU.ActiveCfg = Release|Any CPU
		{49F702CF-0F94-4593-B788-057F4EC2795B}.Release|Any CPU.Build.0 = Release|Any CPU
		{9671303E-1660-4800-A1C9-81CD04619087}.Debug|Any CPU.ActiveCfg = Debug|Any CPU
		{9671303E-1660-4800-A1C9-81CD04619087}.Debug|Any CPU.Build.0 = Debug|Any CPU
		{9671303E-1660-4800-A1C9-81CD04619087}.Release|Any CPU.ActiveCfg = Release|Any CPU
		{9671303E-1660-4800-A1C9-81CD04619087}.Release|Any CPU.Build.0 = Release|Any CPU
	EndGlobalSection
	GlobalSection(SolutionProperties) = preSolution
		HideSolutionNode = FALSE
	EndGlobalSection
	GlobalSection(NestedProjects) = preSolution
		{2E4FC621-B25A-4BFC-9C44-2F91033EE0B5} = {DC9E75E3-B605-4527-91C7-ACB55F420312}
		{88F49A6C-967C-41D3-9F28-13369F912E9D} = {DC9E75E3-B605-4527-91C7-ACB55F420312}
		{F501ABDE-605A-453B-9B75-249A4F14D18D} = {DC9E75E3-B605-4527-91C7-ACB55F420312}
		{F6D66082-03A5-468A-8BBB-38FDA2E0E65E} = {DC9E75E3-B605-4527-91C7-ACB55F420312}
		{A2E41701-912B-4BD7-87FA-FB9257949E13} = {DC9E75E3-B605-4527-91C7-ACB55F420312}
		{49FB3066-137E-447D-B7F0-AFFB60057254} = {DC9E75E3-B605-4527-91C7-ACB55F420312}
		{3E532FDB-94BD-42DD-AE10-68783770F394} = {DC9E75E3-B605-4527-91C7-ACB55F420312}
		{C04BBDF4-98CC-4B66-A1F7-054886B2EA7C} = {DC9E75E3-B605-4527-91C7-ACB55F420312}
		{CA788DDF-C488-4267-86DA-AB1AFE98E74E} = {F618EC46-BB57-4756-9D1F-22453297F80F}
		{F66AEBC0-F9CE-43F9-9429-E46EE88FEBF9} = {4F7AC65E-F9B7-4B4F-B092-64F35A6CD8AF}
		{FC7DA1AA-D81B-42D5-AD4C-3F8B7D586EC3} = {4F7AC65E-F9B7-4B4F-B092-64F35A6CD8AF}
		{380D5DC2-2C3E-41F7-B3B9-2A0E1612BB69} = {4F7AC65E-F9B7-4B4F-B092-64F35A6CD8AF}
		{46AFC340-5639-4D73-A4C2-52B37F601113} = {4F7AC65E-F9B7-4B4F-B092-64F35A6CD8AF}
		{181D539C-E8DD-47FD-B339-89B83D4A9264} = {4F7AC65E-F9B7-4B4F-B092-64F35A6CD8AF}
		{11D063E3-2D7E-4688-8A14-6FCB8C16B7B3} = {4F7AC65E-F9B7-4B4F-B092-64F35A6CD8AF}
		{49F702CF-0F94-4593-B788-057F4EC2795B} = {4F7AC65E-F9B7-4B4F-B092-64F35A6CD8AF}
		{9671303E-1660-4800-A1C9-81CD04619087} = {4F7AC65E-F9B7-4B4F-B092-64F35A6CD8AF}
	EndGlobalSection
	GlobalSection(ExtensibilityGlobals) = postSolution
		SolutionGuid = {7DA5CEAA-994B-40A0-AE3D-48B982BF000B}
	EndGlobalSection
	GlobalSection(SolutionConfigurationsPlatforms) = preSolution
		Debug|Any CPU = Debug|Any CPU
		Release|Any CPU = Release|Any CPU
	EndGlobalSection
	GlobalSection(ProjectConfigurationsPlatforms) = postSolution
		{D76E2FF2-FDEF-44D5-8774-2EB942476ABE}.Debug|Any CPU.ActiveCfg = Debug|Any CPU
		{D76E2FF2-FDEF-44D5-8774-2EB942476ABE}.Debug|Any CPU.Build.0 = Debug|Any CPU
		{D76E2FF2-FDEF-44D5-8774-2EB942476ABE}.Release|Any CPU.ActiveCfg = Release|Any CPU
		{D76E2FF2-FDEF-44D5-8774-2EB942476ABE}.Release|Any CPU.Build.0 = Release|Any CPU
		{790B72DA-CAB7-44FB-A3BA-411D4CA82220}.Debug|Any CPU.ActiveCfg = Debug|Any CPU
		{790B72DA-CAB7-44FB-A3BA-411D4CA82220}.Debug|Any CPU.Build.0 = Debug|Any CPU
		{790B72DA-CAB7-44FB-A3BA-411D4CA82220}.Release|Any CPU.ActiveCfg = Release|Any CPU
		{790B72DA-CAB7-44FB-A3BA-411D4CA82220}.Release|Any CPU.Build.0 = Release|Any CPU
		{7E99AD76-CF1C-44ED-B4F7-D271D445D04D}.Debug|Any CPU.ActiveCfg = Debug|Any CPU
		{7E99AD76-CF1C-44ED-B4F7-D271D445D04D}.Debug|Any CPU.Build.0 = Debug|Any CPU
		{7E99AD76-CF1C-44ED-B4F7-D271D445D04D}.Release|Any CPU.ActiveCfg = Release|Any CPU
		{7E99AD76-CF1C-44ED-B4F7-D271D445D04D}.Release|Any CPU.Build.0 = Release|Any CPU
		{3B808DB4-925B-458F-80E9-9602A6189609}.Debug|Any CPU.ActiveCfg = Debug|Any CPU
		{3B808DB4-925B-458F-80E9-9602A6189609}.Debug|Any CPU.Build.0 = Debug|Any CPU
		{3B808DB4-925B-458F-80E9-9602A6189609}.Release|Any CPU.ActiveCfg = Release|Any CPU
		{3B808DB4-925B-458F-80E9-9602A6189609}.Release|Any CPU.Build.0 = Release|Any CPU
		{84969C4E-283B-4A85-ABF0-63EED55405FC}.Debug|Any CPU.ActiveCfg = Debug|Any CPU
		{84969C4E-283B-4A85-ABF0-63EED55405FC}.Debug|Any CPU.Build.0 = Debug|Any CPU
		{84969C4E-283B-4A85-ABF0-63EED55405FC}.Release|Any CPU.ActiveCfg = Release|Any CPU
		{84969C4E-283B-4A85-ABF0-63EED55405FC}.Release|Any CPU.Build.0 = Release|Any CPU
		{E5DF71BB-986E-44FA-8E85-364C50F322FC}.Debug|Any CPU.ActiveCfg = Debug|Any CPU
		{E5DF71BB-986E-44FA-8E85-364C50F322FC}.Debug|Any CPU.Build.0 = Debug|Any CPU
		{E5DF71BB-986E-44FA-8E85-364C50F322FC}.Release|Any CPU.ActiveCfg = Release|Any CPU
		{E5DF71BB-986E-44FA-8E85-364C50F322FC}.Release|Any CPU.Build.0 = Release|Any CPU
		{4447DB0A-96EC-4D95-B80C-A2D6CA4DC2B1}.Debug|Any CPU.ActiveCfg = Debug|Any CPU
		{4447DB0A-96EC-4D95-B80C-A2D6CA4DC2B1}.Debug|Any CPU.Build.0 = Debug|Any CPU
		{4447DB0A-96EC-4D95-B80C-A2D6CA4DC2B1}.Release|Any CPU.ActiveCfg = Release|Any CPU
		{4447DB0A-96EC-4D95-B80C-A2D6CA4DC2B1}.Release|Any CPU.Build.0 = Release|Any CPU
		{9DA42087-B86E-47ED-9FCC-218DE0381451}.Debug|Any CPU.ActiveCfg = Debug|Any CPU
		{9DA42087-B86E-47ED-9FCC-218DE0381451}.Debug|Any CPU.Build.0 = Debug|Any CPU
		{9DA42087-B86E-47ED-9FCC-218DE0381451}.Release|Any CPU.ActiveCfg = Release|Any CPU
		{9DA42087-B86E-47ED-9FCC-218DE0381451}.Release|Any CPU.Build.0 = Release|Any CPU
		{EE3F90F9-D13C-42A4-B93A-B856F992348D}.Debug|Any CPU.ActiveCfg = Debug|Any CPU
		{EE3F90F9-D13C-42A4-B93A-B856F992348D}.Debug|Any CPU.Build.0 = Debug|Any CPU
		{EE3F90F9-D13C-42A4-B93A-B856F992348D}.Release|Any CPU.ActiveCfg = Release|Any CPU
		{EE3F90F9-D13C-42A4-B93A-B856F992348D}.Release|Any CPU.Build.0 = Release|Any CPU
		{3DA491A9-0427-4534-963F-7ED4F5675009}.Debug|Any CPU.ActiveCfg = Debug|Any CPU
		{3DA491A9-0427-4534-963F-7ED4F5675009}.Debug|Any CPU.Build.0 = Debug|Any CPU
		{3DA491A9-0427-4534-963F-7ED4F5675009}.Release|Any CPU.ActiveCfg = Release|Any CPU
		{3DA491A9-0427-4534-963F-7ED4F5675009}.Release|Any CPU.Build.0 = Release|Any CPU
		{94D8F2C9-C2C4-4D92-9ACA-3C88CAC4AF36}.Debug|Any CPU.ActiveCfg = Debug|Any CPU
		{94D8F2C9-C2C4-4D92-9ACA-3C88CAC4AF36}.Debug|Any CPU.Build.0 = Debug|Any CPU
		{94D8F2C9-C2C4-4D92-9ACA-3C88CAC4AF36}.Release|Any CPU.ActiveCfg = Release|Any CPU
		{94D8F2C9-C2C4-4D92-9ACA-3C88CAC4AF36}.Release|Any CPU.Build.0 = Release|Any CPU
		{37D9DD58-7E94-4498-A03D-0D99369118C2}.Debug|Any CPU.ActiveCfg = Debug|Any CPU
		{37D9DD58-7E94-4498-A03D-0D99369118C2}.Debug|Any CPU.Build.0 = Debug|Any CPU
		{37D9DD58-7E94-4498-A03D-0D99369118C2}.Release|Any CPU.ActiveCfg = Release|Any CPU
		{37D9DD58-7E94-4498-A03D-0D99369118C2}.Release|Any CPU.Build.0 = Release|Any CPU
		{A29FAB93-9CB7-4AF4-8461-89143CBD6FCC}.Debug|Any CPU.ActiveCfg = Debug|Any CPU
		{A29FAB93-9CB7-4AF4-8461-89143CBD6FCC}.Debug|Any CPU.Build.0 = Debug|Any CPU
		{A29FAB93-9CB7-4AF4-8461-89143CBD6FCC}.Release|Any CPU.ActiveCfg = Release|Any CPU
		{A29FAB93-9CB7-4AF4-8461-89143CBD6FCC}.Release|Any CPU.Build.0 = Release|Any CPU
		{62E2F7DA-4F8B-45F7-B3FF-DC4CDD74C026}.Debug|Any CPU.ActiveCfg = Debug|Any CPU
		{62E2F7DA-4F8B-45F7-B3FF-DC4CDD74C026}.Debug|Any CPU.Build.0 = Debug|Any CPU
		{62E2F7DA-4F8B-45F7-B3FF-DC4CDD74C026}.Release|Any CPU.ActiveCfg = Release|Any CPU
		{62E2F7DA-4F8B-45F7-B3FF-DC4CDD74C026}.Release|Any CPU.Build.0 = Release|Any CPU
		{47E7DFD9-69D4-4DFF-9A61-22B2F294EC98}.Debug|Any CPU.ActiveCfg = Debug|Any CPU
		{47E7DFD9-69D4-4DFF-9A61-22B2F294EC98}.Debug|Any CPU.Build.0 = Debug|Any CPU
		{47E7DFD9-69D4-4DFF-9A61-22B2F294EC98}.Release|Any CPU.ActiveCfg = Release|Any CPU
		{47E7DFD9-69D4-4DFF-9A61-22B2F294EC98}.Release|Any CPU.Build.0 = Release|Any CPU
		{98A339DC-6CEE-42CB-BE23-EF50C0FBFC87}.Debug|Any CPU.ActiveCfg = Debug|Any CPU
		{98A339DC-6CEE-42CB-BE23-EF50C0FBFC87}.Debug|Any CPU.Build.0 = Debug|Any CPU
		{98A339DC-6CEE-42CB-BE23-EF50C0FBFC87}.Release|Any CPU.ActiveCfg = Release|Any CPU
		{98A339DC-6CEE-42CB-BE23-EF50C0FBFC87}.Release|Any CPU.Build.0 = Release|Any CPU
		{98742792-181E-4F39-B743-77FF31F854CC}.Debug|Any CPU.ActiveCfg = Debug|Any CPU
		{98742792-181E-4F39-B743-77FF31F854CC}.Debug|Any CPU.Build.0 = Debug|Any CPU
		{98742792-181E-4F39-B743-77FF31F854CC}.Release|Any CPU.ActiveCfg = Release|Any CPU
		{98742792-181E-4F39-B743-77FF31F854CC}.Release|Any CPU.Build.0 = Release|Any CPU
		{28A327D1-084F-4647-AF48-6030539EA6D0}.Debug|Any CPU.ActiveCfg = Debug|Any CPU
		{28A327D1-084F-4647-AF48-6030539EA6D0}.Debug|Any CPU.Build.0 = Debug|Any CPU
		{28A327D1-084F-4647-AF48-6030539EA6D0}.Release|Any CPU.ActiveCfg = Release|Any CPU
		{28A327D1-084F-4647-AF48-6030539EA6D0}.Release|Any CPU.Build.0 = Release|Any CPU
		{4F8EF22B-5B92-4301-A895-D625DA82D773}.Debug|Any CPU.ActiveCfg = Debug|Any CPU
		{4F8EF22B-5B92-4301-A895-D625DA82D773}.Debug|Any CPU.Build.0 = Debug|Any CPU
		{4F8EF22B-5B92-4301-A895-D625DA82D773}.Release|Any CPU.ActiveCfg = Release|Any CPU
		{4F8EF22B-5B92-4301-A895-D625DA82D773}.Release|Any CPU.Build.0 = Release|Any CPU
		{C1364FA5-CCE5-45A3-BA97-0833EB1BBC8E}.Debug|Any CPU.ActiveCfg = Debug|Any CPU
		{C1364FA5-CCE5-45A3-BA97-0833EB1BBC8E}.Debug|Any CPU.Build.0 = Debug|Any CPU
		{C1364FA5-CCE5-45A3-BA97-0833EB1BBC8E}.Release|Any CPU.ActiveCfg = Release|Any CPU
		{C1364FA5-CCE5-45A3-BA97-0833EB1BBC8E}.Release|Any CPU.Build.0 = Release|Any CPU
		{2E4B77D0-8D86-4E50-8C01-966405170180}.Debug|Any CPU.ActiveCfg = Debug|Any CPU
		{2E4B77D0-8D86-4E50-8C01-966405170180}.Debug|Any CPU.Build.0 = Debug|Any CPU
		{2E4B77D0-8D86-4E50-8C01-966405170180}.Release|Any CPU.ActiveCfg = Release|Any CPU
		{2E4B77D0-8D86-4E50-8C01-966405170180}.Release|Any CPU.Build.0 = Release|Any CPU
		{ED49FFFF-C66D-4A7D-88D6-DB8EB1E20F11}.Debug|Any CPU.ActiveCfg = Debug|Any CPU
		{ED49FFFF-C66D-4A7D-88D6-DB8EB1E20F11}.Debug|Any CPU.Build.0 = Debug|Any CPU
		{ED49FFFF-C66D-4A7D-88D6-DB8EB1E20F11}.Release|Any CPU.ActiveCfg = Release|Any CPU
		{ED49FFFF-C66D-4A7D-88D6-DB8EB1E20F11}.Release|Any CPU.Build.0 = Release|Any CPU
		{1AE32C04-99DA-4581-A624-00DCB3061F21}.Debug|Any CPU.ActiveCfg = Debug|Any CPU
		{1AE32C04-99DA-4581-A624-00DCB3061F21}.Debug|Any CPU.Build.0 = Debug|Any CPU
		{1AE32C04-99DA-4581-A624-00DCB3061F21}.Release|Any CPU.ActiveCfg = Release|Any CPU
		{1AE32C04-99DA-4581-A624-00DCB3061F21}.Release|Any CPU.Build.0 = Release|Any CPU
		{B07E4296-9C59-4A5F-BC42-91DA8222BD89}.Debug|Any CPU.ActiveCfg = Debug|Any CPU
		{B07E4296-9C59-4A5F-BC42-91DA8222BD89}.Debug|Any CPU.Build.0 = Debug|Any CPU
		{B07E4296-9C59-4A5F-BC42-91DA8222BD89}.Release|Any CPU.ActiveCfg = Release|Any CPU
		{B07E4296-9C59-4A5F-BC42-91DA8222BD89}.Release|Any CPU.Build.0 = Release|Any CPU
		{E2DEC5AE-748E-47B6-A24F-D8322F90A1F1}.Debug|Any CPU.ActiveCfg = Debug|Any CPU
		{E2DEC5AE-748E-47B6-A24F-D8322F90A1F1}.Debug|Any CPU.Build.0 = Debug|Any CPU
		{E2DEC5AE-748E-47B6-A24F-D8322F90A1F1}.Release|Any CPU.ActiveCfg = Release|Any CPU
		{E2DEC5AE-748E-47B6-A24F-D8322F90A1F1}.Release|Any CPU.Build.0 = Release|Any CPU
		{9435B0B6-D2F4-48A8-A098-C867EC2738A5}.Debug|Any CPU.ActiveCfg = Debug|Any CPU
		{9435B0B6-D2F4-48A8-A098-C867EC2738A5}.Debug|Any CPU.Build.0 = Debug|Any CPU
		{9435B0B6-D2F4-48A8-A098-C867EC2738A5}.Release|Any CPU.ActiveCfg = Release|Any CPU
		{9435B0B6-D2F4-48A8-A098-C867EC2738A5}.Release|Any CPU.Build.0 = Release|Any CPU
		{C986737E-A18A-41CD-934A-1133C22AD8E0}.Debug|Any CPU.ActiveCfg = Debug|Any CPU
		{C986737E-A18A-41CD-934A-1133C22AD8E0}.Debug|Any CPU.Build.0 = Debug|Any CPU
		{C986737E-A18A-41CD-934A-1133C22AD8E0}.Release|Any CPU.ActiveCfg = Release|Any CPU
		{C986737E-A18A-41CD-934A-1133C22AD8E0}.Release|Any CPU.Build.0 = Release|Any CPU
		{F35FCA73-1B05-40AD-B154-2702DFDA0C11}.Debug|Any CPU.ActiveCfg = Debug|Any CPU
		{F35FCA73-1B05-40AD-B154-2702DFDA0C11}.Debug|Any CPU.Build.0 = Debug|Any CPU
		{F35FCA73-1B05-40AD-B154-2702DFDA0C11}.Release|Any CPU.ActiveCfg = Release|Any CPU
		{F35FCA73-1B05-40AD-B154-2702DFDA0C11}.Release|Any CPU.Build.0 = Release|Any CPU
		{5975B30E-EA5F-4D59-9995-540E6C242409}.Debug|Any CPU.ActiveCfg = Debug|Any CPU
		{5975B30E-EA5F-4D59-9995-540E6C242409}.Debug|Any CPU.Build.0 = Debug|Any CPU
		{5975B30E-EA5F-4D59-9995-540E6C242409}.Release|Any CPU.ActiveCfg = Release|Any CPU
		{5975B30E-EA5F-4D59-9995-540E6C242409}.Release|Any CPU.Build.0 = Release|Any CPU
		{F60A7B58-72AA-41EF-A42D-478977AD36C9}.Debug|Any CPU.ActiveCfg = Debug|Any CPU
		{F60A7B58-72AA-41EF-A42D-478977AD36C9}.Debug|Any CPU.Build.0 = Debug|Any CPU
		{F60A7B58-72AA-41EF-A42D-478977AD36C9}.Release|Any CPU.ActiveCfg = Release|Any CPU
		{F60A7B58-72AA-41EF-A42D-478977AD36C9}.Release|Any CPU.Build.0 = Release|Any CPU
		{274C0139-A1EB-41DB-9B0E-1CB023F36BC6}.Debug|Any CPU.ActiveCfg = Debug|Any CPU
		{274C0139-A1EB-41DB-9B0E-1CB023F36BC6}.Debug|Any CPU.Build.0 = Debug|Any CPU
		{274C0139-A1EB-41DB-9B0E-1CB023F36BC6}.Release|Any CPU.ActiveCfg = Release|Any CPU
		{274C0139-A1EB-41DB-9B0E-1CB023F36BC6}.Release|Any CPU.Build.0 = Release|Any CPU
		{98BEE570-B1C0-4A5D-B484-3D0C409A315A}.Debug|Any CPU.ActiveCfg = Debug|Any CPU
		{98BEE570-B1C0-4A5D-B484-3D0C409A315A}.Debug|Any CPU.Build.0 = Debug|Any CPU
		{98BEE570-B1C0-4A5D-B484-3D0C409A315A}.Release|Any CPU.ActiveCfg = Release|Any CPU
		{98BEE570-B1C0-4A5D-B484-3D0C409A315A}.Release|Any CPU.Build.0 = Release|Any CPU
		{395D5E56-33FD-4183-AAD3-B140A6E6807A}.Debug|Any CPU.ActiveCfg = Debug|Any CPU
		{395D5E56-33FD-4183-AAD3-B140A6E6807A}.Debug|Any CPU.Build.0 = Debug|Any CPU
		{395D5E56-33FD-4183-AAD3-B140A6E6807A}.Release|Any CPU.ActiveCfg = Release|Any CPU
		{395D5E56-33FD-4183-AAD3-B140A6E6807A}.Release|Any CPU.Build.0 = Release|Any CPU
		{ECCE4EB3-E31B-4A96-A9C1-A7103BA7D4DC}.Debug|Any CPU.ActiveCfg = Debug|Any CPU
		{ECCE4EB3-E31B-4A96-A9C1-A7103BA7D4DC}.Debug|Any CPU.Build.0 = Debug|Any CPU
		{ECCE4EB3-E31B-4A96-A9C1-A7103BA7D4DC}.Release|Any CPU.ActiveCfg = Release|Any CPU
		{ECCE4EB3-E31B-4A96-A9C1-A7103BA7D4DC}.Release|Any CPU.Build.0 = Release|Any CPU
		{C935E2F4-A9C6-4D6F-8CA6-191792B0820C}.Debug|Any CPU.ActiveCfg = Debug|Any CPU
		{C935E2F4-A9C6-4D6F-8CA6-191792B0820C}.Debug|Any CPU.Build.0 = Debug|Any CPU
		{C935E2F4-A9C6-4D6F-8CA6-191792B0820C}.Release|Any CPU.ActiveCfg = Release|Any CPU
		{C935E2F4-A9C6-4D6F-8CA6-191792B0820C}.Release|Any CPU.Build.0 = Release|Any CPU
		{01D2DE1A-0ECE-4231-A1EB-F41C87314136}.Debug|Any CPU.ActiveCfg = Debug|Any CPU
		{01D2DE1A-0ECE-4231-A1EB-F41C87314136}.Debug|Any CPU.Build.0 = Debug|Any CPU
		{01D2DE1A-0ECE-4231-A1EB-F41C87314136}.Release|Any CPU.ActiveCfg = Release|Any CPU
		{01D2DE1A-0ECE-4231-A1EB-F41C87314136}.Release|Any CPU.Build.0 = Release|Any CPU
		{1F6C0B37-0F5D-4514-A301-B0D8CC04B0C6}.Debug|Any CPU.ActiveCfg = Debug|Any CPU
		{1F6C0B37-0F5D-4514-A301-B0D8CC04B0C6}.Debug|Any CPU.Build.0 = Debug|Any CPU
		{1F6C0B37-0F5D-4514-A301-B0D8CC04B0C6}.Release|Any CPU.ActiveCfg = Release|Any CPU
		{1F6C0B37-0F5D-4514-A301-B0D8CC04B0C6}.Release|Any CPU.Build.0 = Release|Any CPU
		{51FB6833-9DDD-4E99-A2E3-FF3AD4A2E418}.Debug|Any CPU.ActiveCfg = Debug|Any CPU
		{51FB6833-9DDD-4E99-A2E3-FF3AD4A2E418}.Debug|Any CPU.Build.0 = Debug|Any CPU
		{51FB6833-9DDD-4E99-A2E3-FF3AD4A2E418}.Release|Any CPU.ActiveCfg = Release|Any CPU
		{51FB6833-9DDD-4E99-A2E3-FF3AD4A2E418}.Release|Any CPU.Build.0 = Release|Any CPU
		{272A4BA3-3E38-42F9-A7E1-781595D84544}.Debug|Any CPU.ActiveCfg = Debug|Any CPU
		{272A4BA3-3E38-42F9-A7E1-781595D84544}.Debug|Any CPU.Build.0 = Debug|Any CPU
		{272A4BA3-3E38-42F9-A7E1-781595D84544}.Release|Any CPU.ActiveCfg = Release|Any CPU
		{272A4BA3-3E38-42F9-A7E1-781595D84544}.Release|Any CPU.Build.0 = Release|Any CPU
		{EE203C6C-4043-44CC-97E3-403C4C53DD07}.Debug|Any CPU.ActiveCfg = Debug|Any CPU
		{EE203C6C-4043-44CC-97E3-403C4C53DD07}.Debug|Any CPU.Build.0 = Debug|Any CPU
		{EE203C6C-4043-44CC-97E3-403C4C53DD07}.Release|Any CPU.ActiveCfg = Release|Any CPU
		{EE203C6C-4043-44CC-97E3-403C4C53DD07}.Release|Any CPU.Build.0 = Release|Any CPU
		{21285B6B-31D6-4214-8A97-93AC77F158D4}.Debug|Any CPU.ActiveCfg = Debug|Any CPU
		{21285B6B-31D6-4214-8A97-93AC77F158D4}.Debug|Any CPU.Build.0 = Debug|Any CPU
		{21285B6B-31D6-4214-8A97-93AC77F158D4}.Release|Any CPU.ActiveCfg = Release|Any CPU
		{21285B6B-31D6-4214-8A97-93AC77F158D4}.Release|Any CPU.Build.0 = Release|Any CPU
		{BD448EAD-3F90-4363-BF0D-A2307BE115E1}.Debug|Any CPU.ActiveCfg = Debug|Any CPU
		{BD448EAD-3F90-4363-BF0D-A2307BE115E1}.Debug|Any CPU.Build.0 = Debug|Any CPU
		{BD448EAD-3F90-4363-BF0D-A2307BE115E1}.Release|Any CPU.ActiveCfg = Release|Any CPU
		{BD448EAD-3F90-4363-BF0D-A2307BE115E1}.Release|Any CPU.Build.0 = Release|Any CPU
		{67374D31-113B-480C-9866-F7A596A532A4}.Debug|Any CPU.ActiveCfg = Debug|Any CPU
		{67374D31-113B-480C-9866-F7A596A532A4}.Debug|Any CPU.Build.0 = Debug|Any CPU
		{67374D31-113B-480C-9866-F7A596A532A4}.Release|Any CPU.ActiveCfg = Release|Any CPU
		{67374D31-113B-480C-9866-F7A596A532A4}.Release|Any CPU.Build.0 = Release|Any CPU
		{7825B5C6-A077-4B3E-816D-E9C27F525904}.Debug|Any CPU.ActiveCfg = Debug|Any CPU
		{7825B5C6-A077-4B3E-816D-E9C27F525904}.Debug|Any CPU.Build.0 = Debug|Any CPU
		{7825B5C6-A077-4B3E-816D-E9C27F525904}.Release|Any CPU.ActiveCfg = Release|Any CPU
		{7825B5C6-A077-4B3E-816D-E9C27F525904}.Release|Any CPU.Build.0 = Release|Any CPU
		{35E4136A-43E7-455A-B54A-AC7521BA18C8}.Debug|Any CPU.ActiveCfg = Debug|Any CPU
		{35E4136A-43E7-455A-B54A-AC7521BA18C8}.Debug|Any CPU.Build.0 = Debug|Any CPU
		{35E4136A-43E7-455A-B54A-AC7521BA18C8}.Release|Any CPU.ActiveCfg = Release|Any CPU
		{35E4136A-43E7-455A-B54A-AC7521BA18C8}.Release|Any CPU.Build.0 = Release|Any CPU
		{84044C80-F0B4-4B19-935D-20DA5A0C7C39}.Debug|Any CPU.ActiveCfg = Debug|Any CPU
		{84044C80-F0B4-4B19-935D-20DA5A0C7C39}.Debug|Any CPU.Build.0 = Debug|Any CPU
		{84044C80-F0B4-4B19-935D-20DA5A0C7C39}.Release|Any CPU.ActiveCfg = Release|Any CPU
		{84044C80-F0B4-4B19-935D-20DA5A0C7C39}.Release|Any CPU.Build.0 = Release|Any CPU
		{DC68B352-7D3F-4709-B076-6F74BFAC823D}.Debug|Any CPU.ActiveCfg = Debug|Any CPU
		{DC68B352-7D3F-4709-B076-6F74BFAC823D}.Debug|Any CPU.Build.0 = Debug|Any CPU
		{DC68B352-7D3F-4709-B076-6F74BFAC823D}.Release|Any CPU.ActiveCfg = Release|Any CPU
		{DC68B352-7D3F-4709-B076-6F74BFAC823D}.Release|Any CPU.Build.0 = Release|Any CPU
		{642F44BD-D153-4EA8-A331-A700FE737E8A}.Debug|Any CPU.ActiveCfg = Debug|Any CPU
		{642F44BD-D153-4EA8-A331-A700FE737E8A}.Debug|Any CPU.Build.0 = Debug|Any CPU
		{642F44BD-D153-4EA8-A331-A700FE737E8A}.Release|Any CPU.ActiveCfg = Release|Any CPU
		{642F44BD-D153-4EA8-A331-A700FE737E8A}.Release|Any CPU.Build.0 = Release|Any CPU
		{8D565D18-5290-4EAD-A718-F73EB500B695}.Debug|Any CPU.ActiveCfg = Debug|Any CPU
		{8D565D18-5290-4EAD-A718-F73EB500B695}.Debug|Any CPU.Build.0 = Debug|Any CPU
		{8D565D18-5290-4EAD-A718-F73EB500B695}.Release|Any CPU.ActiveCfg = Release|Any CPU
		{8D565D18-5290-4EAD-A718-F73EB500B695}.Release|Any CPU.Build.0 = Release|Any CPU
		{B6DA19CE-E8FE-4D74-B397-8C08C7C21299}.Debug|Any CPU.ActiveCfg = Debug|Any CPU
		{B6DA19CE-E8FE-4D74-B397-8C08C7C21299}.Debug|Any CPU.Build.0 = Debug|Any CPU
		{B6DA19CE-E8FE-4D74-B397-8C08C7C21299}.Release|Any CPU.ActiveCfg = Release|Any CPU
		{B6DA19CE-E8FE-4D74-B397-8C08C7C21299}.Release|Any CPU.Build.0 = Release|Any CPU
		{AB19BEDA-D1BA-40F7-8E7A-44F6890E767A}.Debug|Any CPU.ActiveCfg = Debug|Any CPU
		{AB19BEDA-D1BA-40F7-8E7A-44F6890E767A}.Debug|Any CPU.Build.0 = Debug|Any CPU
		{AB19BEDA-D1BA-40F7-8E7A-44F6890E767A}.Release|Any CPU.ActiveCfg = Release|Any CPU
		{AB19BEDA-D1BA-40F7-8E7A-44F6890E767A}.Release|Any CPU.Build.0 = Release|Any CPU
		{E05ABD63-5AF8-4B94-B9D2-9284F15DD96B}.Debug|Any CPU.ActiveCfg = Debug|Any CPU
		{E05ABD63-5AF8-4B94-B9D2-9284F15DD96B}.Debug|Any CPU.Build.0 = Debug|Any CPU
		{E05ABD63-5AF8-4B94-B9D2-9284F15DD96B}.Release|Any CPU.ActiveCfg = Release|Any CPU
		{E05ABD63-5AF8-4B94-B9D2-9284F15DD96B}.Release|Any CPU.Build.0 = Release|Any CPU
		{54D5EC70-4283-40E4-BA39-F89AEF212BB1}.Debug|Any CPU.ActiveCfg = Debug|Any CPU
		{54D5EC70-4283-40E4-BA39-F89AEF212BB1}.Debug|Any CPU.Build.0 = Debug|Any CPU
		{54D5EC70-4283-40E4-BA39-F89AEF212BB1}.Release|Any CPU.ActiveCfg = Release|Any CPU
		{54D5EC70-4283-40E4-BA39-F89AEF212BB1}.Release|Any CPU.Build.0 = Release|Any CPU
		{D68C57C6-57C5-4DFB-89F8-1981E2BE6632}.Debug|Any CPU.ActiveCfg = Debug|Any CPU
		{D68C57C6-57C5-4DFB-89F8-1981E2BE6632}.Debug|Any CPU.Build.0 = Debug|Any CPU
		{D68C57C6-57C5-4DFB-89F8-1981E2BE6632}.Release|Any CPU.ActiveCfg = Release|Any CPU
		{D68C57C6-57C5-4DFB-89F8-1981E2BE6632}.Release|Any CPU.Build.0 = Release|Any CPU
		{2B42FBED-E94A-46AD-A42C-B62129632467}.Debug|Any CPU.ActiveCfg = Debug|Any CPU
		{2B42FBED-E94A-46AD-A42C-B62129632467}.Debug|Any CPU.Build.0 = Debug|Any CPU
		{2B42FBED-E94A-46AD-A42C-B62129632467}.Release|Any CPU.ActiveCfg = Release|Any CPU
		{2B42FBED-E94A-46AD-A42C-B62129632467}.Release|Any CPU.Build.0 = Release|Any CPU
		{646535E3-2EF1-4688-9763-D90B834CA4BC}.Debug|Any CPU.ActiveCfg = Debug|Any CPU
		{646535E3-2EF1-4688-9763-D90B834CA4BC}.Debug|Any CPU.Build.0 = Debug|Any CPU
		{646535E3-2EF1-4688-9763-D90B834CA4BC}.Release|Any CPU.ActiveCfg = Release|Any CPU
		{646535E3-2EF1-4688-9763-D90B834CA4BC}.Release|Any CPU.Build.0 = Release|Any CPU
		{A85253F8-48B2-4884-80F7-46E747F05197}.Debug|Any CPU.ActiveCfg = Debug|Any CPU
		{A85253F8-48B2-4884-80F7-46E747F05197}.Debug|Any CPU.Build.0 = Debug|Any CPU
		{A85253F8-48B2-4884-80F7-46E747F05197}.Release|Any CPU.ActiveCfg = Release|Any CPU
		{A85253F8-48B2-4884-80F7-46E747F05197}.Release|Any CPU.Build.0 = Release|Any CPU
		{0942191A-A90C-440C-BDA6-7565E21547AA}.Debug|Any CPU.ActiveCfg = Debug|Any CPU
		{0942191A-A90C-440C-BDA6-7565E21547AA}.Debug|Any CPU.Build.0 = Debug|Any CPU
		{0942191A-A90C-440C-BDA6-7565E21547AA}.Release|Any CPU.ActiveCfg = Release|Any CPU
		{0942191A-A90C-440C-BDA6-7565E21547AA}.Release|Any CPU.Build.0 = Release|Any CPU
	EndGlobalSection
EndGlobal
