
Microsoft Visual Studio Solution File, Format Version 12.00
# Visual Studio Version 17
VisualStudioVersion = 17.11.35312.102
MinimumVisualStudioVersion = 10.0.40219.1
Project("{9A19103F-16F7-4668-BE54-9A1E7A4F7556}") = "Platformus.Core.Data.Entities", "Platformus.Core.Data.Entities\Platformus.Core.Data.Entities.csproj", "{7CD377A7-8E88-483A-81D9-57CD7C4BD23D}"
EndProject
Project("{9A19103F-16F7-4668-BE54-9A1E7A4F7556}") = "Platformus.Core.Domain.Models", "Platformus.Core.Domain.Models\Platformus.Core.Domain.Models.csproj", "{EE20D9B3-722F-4921-9AE6-AABC05F1E555}"
EndProject
Project("{9A19103F-16F7-4668-BE54-9A1E7A4F7556}") = "Platformus.Core.Api.Dto", "Platformus.Core.Api.Dto\Platformus.Core.Api.Dto.csproj", "{D9155294-796E-4509-8818-8ABAC66BBA51}"
EndProject
Project("{9A19103F-16F7-4668-BE54-9A1E7A4F7556}") = "Platformus.Core.Admin", "Platformus.Core.Admin\Platformus.Core.Admin.csproj", "{11D6533C-09D1-497A-BA53-D66DE6FCC0E7}"
EndProject
Project("{9A19103F-16F7-4668-BE54-9A1E7A4F7556}") = "Platformus.Core.Api", "Platformus.Core.Api\Platformus.Core.Api.csproj", "{08766BFF-C406-4954-89B6-EB1974E0B677}"
EndProject
Project("{FAE04EC0-301F-11D3-BF4B-00C04F79EFBC}") = "Platformus.Website.Admin", "Platformus.Website.Admin\Platformus.Website.Admin.csproj", "{F1E6CAA2-5472-425B-9759-3466D46477E4}"
EndProject
Project("{FAE04EC0-301F-11D3-BF4B-00C04F79EFBC}") = "Platformus.Website.Data.Entities", "Platformus.Website.Data.Entities\Platformus.Website.Data.Entities.csproj", "{668CC713-8A69-453C-A386-1B8CC3D9482E}"
EndProject
Project("{FAE04EC0-301F-11D3-BF4B-00C04F79EFBC}") = "Platformus.Website.Api.Dto", "Platformus.Website.Api.Dto\Platformus.Website.Api.Dto.csproj", "{D255218B-64AB-4B54-A339-B46B816608F2}"
EndProject
Project("{FAE04EC0-301F-11D3-BF4B-00C04F79EFBC}") = "Platformus.Website.Api", "Platformus.Website.Api\Platformus.Website.Api.csproj", "{44B0E0CE-FA25-4309-B53B-74B7C8229BE0}"
EndProject
Project("{FAE04EC0-301F-11D3-BF4B-00C04F79EFBC}") = "Platformus.Website.Domain.Models", "Platformus.Website.Domain.Models\Platformus.Website.Domain.Models.csproj", "{64E3A505-D131-401C-A16F-5B5F6BC15AC4}"
EndProject
Project("{FAE04EC0-301F-11D3-BF4B-00C04F79EFBC}") = "Platformus.Website.Domain.Services", "Platformus.Website.Domain.Services\Platformus.Website.Domain.Services.csproj", "{3C55E8DF-183C-4AC3-BBCF-900BC1B6C004}"
EndProject
Global
	GlobalSection(SolutionConfigurationPlatforms) = preSolution
		Debug|Any CPU = Debug|Any CPU
		Release|Any CPU = Release|Any CPU
	EndGlobalSection
	GlobalSection(ProjectConfigurationPlatforms) = postSolution
		{7CD377A7-8E88-483A-81D9-57CD7C4BD23D}.Debug|Any CPU.ActiveCfg = Debug|Any CPU
		{7CD377A7-8E88-483A-81D9-57CD7C4BD23D}.Debug|Any CPU.Build.0 = Debug|Any CPU
		{7CD377A7-8E88-483A-81D9-57CD7C4BD23D}.Release|Any CPU.ActiveCfg = Release|Any CPU
		{7CD377A7-8E88-483A-81D9-57CD7C4BD23D}.Release|Any CPU.Build.0 = Release|Any CPU
		{EE20D9B3-722F-4921-9AE6-AABC05F1E555}.Debug|Any CPU.ActiveCfg = Debug|Any CPU
		{EE20D9B3-722F-4921-9AE6-AABC05F1E555}.Debug|Any CPU.Build.0 = Debug|Any CPU
		{EE20D9B3-722F-4921-9AE6-AABC05F1E555}.Release|Any CPU.ActiveCfg = Release|Any CPU
		{EE20D9B3-722F-4921-9AE6-AABC05F1E555}.Release|Any CPU.Build.0 = Release|Any CPU
		{D9155294-796E-4509-8818-8ABAC66BBA51}.Debug|Any CPU.ActiveCfg = Debug|Any CPU
		{D9155294-796E-4509-8818-8ABAC66BBA51}.Debug|Any CPU.Build.0 = Debug|Any CPU
		{D9155294-796E-4509-8818-8ABAC66BBA51}.Release|Any CPU.ActiveCfg = Release|Any CPU
		{D9155294-796E-4509-8818-8ABAC66BBA51}.Release|Any CPU.Build.0 = Release|Any CPU
		{11D6533C-09D1-497A-BA53-D66DE6FCC0E7}.Debug|Any CPU.ActiveCfg = Debug|Any CPU
		{11D6533C-09D1-497A-BA53-D66DE6FCC0E7}.Debug|Any CPU.Build.0 = Debug|Any CPU
		{11D6533C-09D1-497A-BA53-D66DE6FCC0E7}.Release|Any CPU.ActiveCfg = Release|Any CPU
		{11D6533C-09D1-497A-BA53-D66DE6FCC0E7}.Release|Any CPU.Build.0 = Release|Any CPU
		{08766BFF-C406-4954-89B6-EB1974E0B677}.Debug|Any CPU.ActiveCfg = Debug|Any CPU
		{08766BFF-C406-4954-89B6-EB1974E0B677}.Debug|Any CPU.Build.0 = Debug|Any CPU
		{08766BFF-C406-4954-89B6-EB1974E0B677}.Release|Any CPU.ActiveCfg = Release|Any CPU
		{08766BFF-C406-4954-89B6-EB1974E0B677}.Release|Any CPU.Build.0 = Release|Any CPU
		{F1E6CAA2-5472-425B-9759-3466D46477E4}.Debug|Any CPU.ActiveCfg = Debug|Any CPU
		{F1E6CAA2-5472-425B-9759-3466D46477E4}.Debug|Any CPU.Build.0 = Debug|Any CPU
		{F1E6CAA2-5472-425B-9759-3466D46477E4}.Release|Any CPU.ActiveCfg = Release|Any CPU
		{F1E6CAA2-5472-425B-9759-3466D46477E4}.Release|Any CPU.Build.0 = Release|Any CPU
		{668CC713-8A69-453C-A386-1B8CC3D9482E}.Debug|Any CPU.ActiveCfg = Debug|Any CPU
		{668CC713-8A69-453C-A386-1B8CC3D9482E}.Debug|Any CPU.Build.0 = Debug|Any CPU
		{668CC713-8A69-453C-A386-1B8CC3D9482E}.Release|Any CPU.ActiveCfg = Release|Any CPU
		{668CC713-8A69-453C-A386-1B8CC3D9482E}.Release|Any CPU.Build.0 = Release|Any CPU
		{D255218B-64AB-4B54-A339-B46B816608F2}.Debug|Any CPU.ActiveCfg = Debug|Any CPU
		{D255218B-64AB-4B54-A339-B46B816608F2}.Debug|Any CPU.Build.0 = Debug|Any CPU
		{D255218B-64AB-4B54-A339-B46B816608F2}.Release|Any CPU.ActiveCfg = Release|Any CPU
		{D255218B-64AB-4B54-A339-B46B816608F2}.Release|Any CPU.Build.0 = Release|Any CPU
		{44B0E0CE-FA25-4309-B53B-74B7C8229BE0}.Debug|Any CPU.ActiveCfg = Debug|Any CPU
		{44B0E0CE-FA25-4309-B53B-74B7C8229BE0}.Debug|Any CPU.Build.0 = Debug|Any CPU
		{44B0E0CE-FA25-4309-B53B-74B7C8229BE0}.Release|Any CPU.ActiveCfg = Release|Any CPU
		{44B0E0CE-FA25-4309-B53B-74B7C8229BE0}.Release|Any CPU.Build.0 = Release|Any CPU
		{64E3A505-D131-401C-A16F-5B5F6BC15AC4}.Debug|Any CPU.ActiveCfg = Debug|Any CPU
		{64E3A505-D131-401C-A16F-5B5F6BC15AC4}.Debug|Any CPU.Build.0 = Debug|Any CPU
		{64E3A505-D131-401C-A16F-5B5F6BC15AC4}.Release|Any CPU.ActiveCfg = Release|Any CPU
		{64E3A505-D131-401C-A16F-5B5F6BC15AC4}.Release|Any CPU.Build.0 = Release|Any CPU
		{3C55E8DF-183C-4AC3-BBCF-900BC1B6C004}.Debug|Any CPU.ActiveCfg = Debug|Any CPU
		{3C55E8DF-183C-4AC3-BBCF-900BC1B6C004}.Debug|Any CPU.Build.0 = Debug|Any CPU
		{3C55E8DF-183C-4AC3-BBCF-900BC1B6C004}.Release|Any CPU.ActiveCfg = Release|Any CPU
		{3C55E8DF-183C-4AC3-BBCF-900BC1B6C004}.Release|Any CPU.Build.0 = Release|Any CPU
	EndGlobalSection
	GlobalSection(SolutionProperties) = preSolution
		HideSolutionNode = FALSE
	EndGlobalSection
	GlobalSection(ExtensibilityGlobals) = postSolution
		SolutionGuid = {05557556-68EE-4A27-8F9C-78B4DFBC41EA}
	EndGlobalSection
EndGlobal
